
Microsoft Visual Studio Solution File, Format Version 12.00
# Visual Studio Version 16
VisualStudioVersion = 16.0.30011.22
MinimumVisualStudioVersion = 10.0.40219.1
Project("{FAE04EC0-301F-11D3-BF4B-00C04F79EFBC}") = "DemoUWP", "DemoUWP\DemoUWP.csproj", "{F1B8F506-BC24-408B-AAC2-B03F0BED580D}"
EndProject
Project("{FAE04EC0-301F-11D3-BF4B-00C04F79EFBC}") = "DemoUWP.Tests.xUnit", "DemoUWP.Tests.xUnit\DemoUWP.Tests.xUnit.csproj", "{D6AEE137-F084-435F-91EF-EB15B0BA243A}"
EndProject
Project("{9A19103F-16F7-4668-BE54-9A1E7A4F7556}") = "DemoUWP.Core", "DemoUWP.Core\DemoUWP.Core.csproj", "{E9237414-8789-439D-968F-213C7F3AEBC3}"
EndProject
Project("{C7167F0D-BC9F-4E6E-AFE1-012C56B48DB5}") = "DemoUWPPackage", "DemoUWPCommandLineHelper\DemoUWPPackage.wapproj", "{3BBB0F06-DD0C-4A12-B187-2D16F17E1D6A}"
EndProject
Project("{FAE04EC0-301F-11D3-BF4B-00C04F79EFBC}") = "DemoLauncher", "DemoLauncher\DemoLauncher.csproj", "{CC6EE654-652B-46C5-AFC7-1E570106A2E5}"
EndProject
Global
	GlobalSection(SolutionConfigurationPlatforms) = preSolution
		Debug|Any CPU = Debug|Any CPU
		Debug|ARM = Debug|ARM
		Debug|ARM64 = Debug|ARM64
		Debug|x64 = Debug|x64
		Debug|x86 = Debug|x86
		Release|Any CPU = Release|Any CPU
		Release|ARM = Release|ARM
		Release|ARM64 = Release|ARM64
		Release|x64 = Release|x64
		Release|x86 = Release|x86
	EndGlobalSection
	GlobalSection(ProjectConfigurationPlatforms) = postSolution
		{F1B8F506-BC24-408B-AAC2-B03F0BED580D}.Debug|Any CPU.ActiveCfg = Debug|x86
		{F1B8F506-BC24-408B-AAC2-B03F0BED580D}.Debug|ARM.ActiveCfg = Debug|ARM
		{F1B8F506-BC24-408B-AAC2-B03F0BED580D}.Debug|ARM.Build.0 = Debug|ARM
		{F1B8F506-BC24-408B-AAC2-B03F0BED580D}.Debug|ARM.Deploy.0 = Debug|ARM
		{F1B8F506-BC24-408B-AAC2-B03F0BED580D}.Debug|ARM64.ActiveCfg = Debug|ARM64
		{F1B8F506-BC24-408B-AAC2-B03F0BED580D}.Debug|ARM64.Build.0 = Debug|ARM64
		{F1B8F506-BC24-408B-AAC2-B03F0BED580D}.Debug|ARM64.Deploy.0 = Debug|ARM64
		{F1B8F506-BC24-408B-AAC2-B03F0BED580D}.Debug|x64.ActiveCfg = Debug|x64
		{F1B8F506-BC24-408B-AAC2-B03F0BED580D}.Debug|x64.Build.0 = Debug|x64
		{F1B8F506-BC24-408B-AAC2-B03F0BED580D}.Debug|x64.Deploy.0 = Debug|x64
		{F1B8F506-BC24-408B-AAC2-B03F0BED580D}.Debug|x86.ActiveCfg = Debug|x86
		{F1B8F506-BC24-408B-AAC2-B03F0BED580D}.Debug|x86.Build.0 = Debug|x86
		{F1B8F506-BC24-408B-AAC2-B03F0BED580D}.Release|Any CPU.ActiveCfg = Release|x86
		{F1B8F506-BC24-408B-AAC2-B03F0BED580D}.Release|ARM.ActiveCfg = Release|ARM
		{F1B8F506-BC24-408B-AAC2-B03F0BED580D}.Release|ARM.Build.0 = Release|ARM
		{F1B8F506-BC24-408B-AAC2-B03F0BED580D}.Release|ARM.Deploy.0 = Release|ARM
		{F1B8F506-BC24-408B-AAC2-B03F0BED580D}.Release|ARM64.ActiveCfg = Release|ARM64
		{F1B8F506-BC24-408B-AAC2-B03F0BED580D}.Release|ARM64.Build.0 = Release|ARM64
		{F1B8F506-BC24-408B-AAC2-B03F0BED580D}.Release|ARM64.Deploy.0 = Release|ARM64
		{F1B8F506-BC24-408B-AAC2-B03F0BED580D}.Release|x64.ActiveCfg = Release|x64
		{F1B8F506-BC24-408B-AAC2-B03F0BED580D}.Release|x64.Build.0 = Release|x64
		{F1B8F506-BC24-408B-AAC2-B03F0BED580D}.Release|x64.Deploy.0 = Release|x64
		{F1B8F506-BC24-408B-AAC2-B03F0BED580D}.Release|x86.ActiveCfg = Release|x86
		{F1B8F506-BC24-408B-AAC2-B03F0BED580D}.Release|x86.Build.0 = Release|x86
		{F1B8F506-BC24-408B-AAC2-B03F0BED580D}.Release|x86.Deploy.0 = Release|x86
		{D6AEE137-F084-435F-91EF-EB15B0BA243A}.Debug|Any CPU.ActiveCfg = Debug|x86
		{D6AEE137-F084-435F-91EF-EB15B0BA243A}.Debug|ARM.ActiveCfg = Debug|ARM
		{D6AEE137-F084-435F-91EF-EB15B0BA243A}.Debug|ARM.Build.0 = Debug|ARM
		{D6AEE137-F084-435F-91EF-EB15B0BA243A}.Debug|ARM.Deploy.0 = Debug|ARM
		{D6AEE137-F084-435F-91EF-EB15B0BA243A}.Debug|ARM64.ActiveCfg = Debug|x86
		{D6AEE137-F084-435F-91EF-EB15B0BA243A}.Debug|x64.ActiveCfg = Debug|x64
		{D6AEE137-F084-435F-91EF-EB15B0BA243A}.Debug|x64.Build.0 = Debug|x64
		{D6AEE137-F084-435F-91EF-EB15B0BA243A}.Debug|x64.Deploy.0 = Debug|x64
		{D6AEE137-F084-435F-91EF-EB15B0BA243A}.Debug|x86.ActiveCfg = Debug|x86
		{D6AEE137-F084-435F-91EF-EB15B0BA243A}.Debug|x86.Build.0 = Debug|x86
		{D6AEE137-F084-435F-91EF-EB15B0BA243A}.Debug|x86.Deploy.0 = Debug|x86
		{D6AEE137-F084-435F-91EF-EB15B0BA243A}.Release|Any CPU.ActiveCfg = Release|x86
		{D6AEE137-F084-435F-91EF-EB15B0BA243A}.Release|ARM.ActiveCfg = Release|ARM
		{D6AEE137-F084-435F-91EF-EB15B0BA243A}.Release|ARM.Build.0 = Release|ARM
		{D6AEE137-F084-435F-91EF-EB15B0BA243A}.Release|ARM.Deploy.0 = Release|ARM
		{D6AEE137-F084-435F-91EF-EB15B0BA243A}.Release|ARM64.ActiveCfg = Release|x86
		{D6AEE137-F084-435F-91EF-EB15B0BA243A}.Release|x64.ActiveCfg = Release|x64
		{D6AEE137-F084-435F-91EF-EB15B0BA243A}.Release|x64.Build.0 = Release|x64
		{D6AEE137-F084-435F-91EF-EB15B0BA243A}.Release|x64.Deploy.0 = Release|x64
		{D6AEE137-F084-435F-91EF-EB15B0BA243A}.Release|x86.ActiveCfg = Release|x86
		{D6AEE137-F084-435F-91EF-EB15B0BA243A}.Release|x86.Build.0 = Release|x86
		{D6AEE137-F084-435F-91EF-EB15B0BA243A}.Release|x86.Deploy.0 = Release|x86
		{E9237414-8789-439D-968F-213C7F3AEBC3}.Debug|Any CPU.ActiveCfg = Debug|Any CPU
		{E9237414-8789-439D-968F-213C7F3AEBC3}.Debug|Any CPU.Build.0 = Debug|Any CPU
		{E9237414-8789-439D-968F-213C7F3AEBC3}.Debug|ARM.ActiveCfg = Debug|Any CPU
		{E9237414-8789-439D-968F-213C7F3AEBC3}.Debug|ARM.Build.0 = Debug|Any CPU
		{E9237414-8789-439D-968F-213C7F3AEBC3}.Debug|ARM64.ActiveCfg = Debug|Any CPU
		{E9237414-8789-439D-968F-213C7F3AEBC3}.Debug|ARM64.Build.0 = Debug|Any CPU
		{E9237414-8789-439D-968F-213C7F3AEBC3}.Debug|x64.ActiveCfg = Debug|Any CPU
		{E9237414-8789-439D-968F-213C7F3AEBC3}.Debug|x64.Build.0 = Debug|Any CPU
		{E9237414-8789-439D-968F-213C7F3AEBC3}.Debug|x86.ActiveCfg = Debug|Any CPU
		{E9237414-8789-439D-968F-213C7F3AEBC3}.Debug|x86.Build.0 = Debug|Any CPU
		{E9237414-8789-439D-968F-213C7F3AEBC3}.Release|Any CPU.ActiveCfg = Release|Any CPU
		{E9237414-8789-439D-968F-213C7F3AEBC3}.Release|Any CPU.Build.0 = Release|Any CPU
		{E9237414-8789-439D-968F-213C7F3AEBC3}.Release|ARM.ActiveCfg = Release|Any CPU
		{E9237414-8789-439D-968F-213C7F3AEBC3}.Release|ARM.Build.0 = Release|Any CPU
		{E9237414-8789-439D-968F-213C7F3AEBC3}.Release|ARM64.ActiveCfg = Release|Any CPU
		{E9237414-8789-439D-968F-213C7F3AEBC3}.Release|ARM64.Build.0 = Release|Any CPU
		{E9237414-8789-439D-968F-213C7F3AEBC3}.Release|x64.ActiveCfg = Release|Any CPU
		{E9237414-8789-439D-968F-213C7F3AEBC3}.Release|x64.Build.0 = Release|Any CPU
		{E9237414-8789-439D-968F-213C7F3AEBC3}.Release|x86.ActiveCfg = Release|Any CPU
		{E9237414-8789-439D-968F-213C7F3AEBC3}.Release|x86.Build.0 = Release|Any CPU
		{3BBB0F06-DD0C-4A12-B187-2D16F17E1D6A}.Debug|Any CPU.ActiveCfg = Debug|Any CPU
		{3BBB0F06-DD0C-4A12-B187-2D16F17E1D6A}.Debug|Any CPU.Build.0 = Debug|Any CPU
		{3BBB0F06-DD0C-4A12-B187-2D16F17E1D6A}.Debug|Any CPU.Deploy.0 = Debug|Any CPU
		{3BBB0F06-DD0C-4A12-B187-2D16F17E1D6A}.Debug|ARM.ActiveCfg = Debug|ARM
		{3BBB0F06-DD0C-4A12-B187-2D16F17E1D6A}.Debug|ARM.Build.0 = Debug|ARM
		{3BBB0F06-DD0C-4A12-B187-2D16F17E1D6A}.Debug|ARM.Deploy.0 = Debug|ARM
		{3BBB0F06-DD0C-4A12-B187-2D16F17E1D6A}.Debug|ARM64.ActiveCfg = Debug|ARM64
		{3BBB0F06-DD0C-4A12-B187-2D16F17E1D6A}.Debug|ARM64.Build.0 = Debug|ARM64
		{3BBB0F06-DD0C-4A12-B187-2D16F17E1D6A}.Debug|ARM64.Deploy.0 = Debug|ARM64
		{3BBB0F06-DD0C-4A12-B187-2D16F17E1D6A}.Debug|x64.ActiveCfg = Debug|x64
		{3BBB0F06-DD0C-4A12-B187-2D16F17E1D6A}.Debug|x64.Build.0 = Debug|x64
		{3BBB0F06-DD0C-4A12-B187-2D16F17E1D6A}.Debug|x64.Deploy.0 = Debug|x64
		{3BBB0F06-DD0C-4A12-B187-2D16F17E1D6A}.Debug|x86.ActiveCfg = Debug|x86
		{3BBB0F06-DD0C-4A12-B187-2D16F17E1D6A}.Debug|x86.Build.0 = Debug|x86
		{3BBB0F06-DD0C-4A12-B187-2D16F17E1D6A}.Debug|x86.Deploy.0 = Debug|x86
		{3BBB0F06-DD0C-4A12-B187-2D16F17E1D6A}.Release|Any CPU.ActiveCfg = Release|Any CPU
		{3BBB0F06-DD0C-4A12-B187-2D16F17E1D6A}.Release|Any CPU.Build.0 = Release|Any CPU
		{3BBB0F06-DD0C-4A12-B187-2D16F17E1D6A}.Release|Any CPU.Deploy.0 = Release|Any CPU
		{3BBB0F06-DD0C-4A12-B187-2D16F17E1D6A}.Release|ARM.ActiveCfg = Release|ARM
		{3BBB0F06-DD0C-4A12-B187-2D16F17E1D6A}.Release|ARM.Build.0 = Release|ARM
		{3BBB0F06-DD0C-4A12-B187-2D16F17E1D6A}.Release|ARM.Deploy.0 = Release|ARM
		{3BBB0F06-DD0C-4A12-B187-2D16F17E1D6A}.Release|ARM64.ActiveCfg = Release|ARM64
		{3BBB0F06-DD0C-4A12-B187-2D16F17E1D6A}.Release|ARM64.Build.0 = Release|ARM64
		{3BBB0F06-DD0C-4A12-B187-2D16F17E1D6A}.Release|ARM64.Deploy.0 = Release|ARM64
		{3BBB0F06-DD0C-4A12-B187-2D16F17E1D6A}.Release|x64.ActiveCfg = Release|x64
		{3BBB0F06-DD0C-4A12-B187-2D16F17E1D6A}.Release|x64.Build.0 = Release|x64
		{3BBB0F06-DD0C-4A12-B187-2D16F17E1D6A}.Release|x64.Deploy.0 = Release|x64
		{3BBB0F06-DD0C-4A12-B187-2D16F17E1D6A}.Release|x86.ActiveCfg = Release|x86
		{3BBB0F06-DD0C-4A12-B187-2D16F17E1D6A}.Release|x86.Build.0 = Release|x86
		{3BBB0F06-DD0C-4A12-B187-2D16F17E1D6A}.Release|x86.Deploy.0 = Release|x86
		{CC6EE654-652B-46C5-AFC7-1E570106A2E5}.Debug|Any CPU.ActiveCfg = Debug|Any CPU
		{CC6EE654-652B-46C5-AFC7-1E570106A2E5}.Debug|Any CPU.Build.0 = Debug|Any CPU
		{CC6EE654-652B-46C5-AFC7-1E570106A2E5}.Debug|ARM.ActiveCfg = Debug|Any CPU
		{CC6EE654-652B-46C5-AFC7-1E570106A2E5}.Debug|ARM.Build.0 = Debug|Any CPU
		{CC6EE654-652B-46C5-AFC7-1E570106A2E5}.Debug|ARM64.ActiveCfg = Debug|Any CPU
		{CC6EE654-652B-46C5-AFC7-1E570106A2E5}.Debug|ARM64.Build.0 = Debug|Any CPU
		{CC6EE654-652B-46C5-AFC7-1E570106A2E5}.Debug|x64.ActiveCfg = Debug|Any CPU
		{CC6EE654-652B-46C5-AFC7-1E570106A2E5}.Debug|x64.Build.0 = Debug|Any CPU
		{CC6EE654-652B-46C5-AFC7-1E570106A2E5}.Debug|x86.ActiveCfg = Debug|Any CPU
		{CC6EE654-652B-46C5-AFC7-1E570106A2E5}.Debug|x86.Build.0 = Debug|Any CPU
		{CC6EE654-652B-46C5-AFC7-1E570106A2E5}.Release|Any CPU.ActiveCfg = Release|Any CPU
		{CC6EE654-652B-46C5-AFC7-1E570106A2E5}.Release|Any CPU.Build.0 = Release|Any CPU
		{CC6EE654-652B-46C5-AFC7-1E570106A2E5}.Release|ARM.ActiveCfg = Release|Any CPU
		{CC6EE654-652B-46C5-AFC7-1E570106A2E5}.Release|ARM.Build.0 = Release|Any CPU
		{CC6EE654-652B-46C5-AFC7-1E570106A2E5}.Release|ARM64.ActiveCfg = Release|Any CPU
		{CC6EE654-652B-46C5-AFC7-1E570106A2E5}.Release|ARM64.Build.0 = Release|Any CPU
		{CC6EE654-652B-46C5-AFC7-1E570106A2E5}.Release|x64.ActiveCfg = Release|Any CPU
		{CC6EE654-652B-46C5-AFC7-1E570106A2E5}.Release|x64.Build.0 = Release|Any CPU
		{CC6EE654-652B-46C5-AFC7-1E570106A2E5}.Release|x86.ActiveCfg = Release|Any CPU
		{CC6EE654-652B-46C5-AFC7-1E570106A2E5}.Release|x86.Build.0 = Release|Any CPU
	EndGlobalSection
	GlobalSection(SolutionProperties) = preSolution
		HideSolutionNode = FALSE
	EndGlobalSection
	GlobalSection(ExtensibilityGlobals) = postSolution
		SolutionGuid = {3691FF83-F8AA-4E79-ACD8-E16EF45ED173}
	EndGlobalSection
EndGlobal
